
Microsoft Visual Studio Solution File, Format Version 12.00
# Visual Studio Version 17
VisualStudioVersion = 17.3.32825.248
MinimumVisualStudioVersion = 10.0.40219.1
Project("{FAE04EC0-301F-11D3-BF4B-00C04F79EFBC}") = "SistemaHospitalar.Domain", "src\SistemaHospitalar.Domain\SistemaHospitalar.Domain.csproj", "{06943B42-DE9F-4B9B-B74F-6FA3AC83F2A2}"
EndProject
Project("{FAE04EC0-301F-11D3-BF4B-00C04F79EFBC}") = "SistemaHospitalar.Infra.Data", "src\SistemaHospitalar.Infra.Data\SistemaHospitalar.Infra.Data.csproj", "{8C14C6C7-ABEB-4509-B4CD-7DD839BE5BF7}"
EndProject
Project("{FAE04EC0-301F-11D3-BF4B-00C04F79EFBC}") = "SistemaHospitalar.Application.Service", "src\SistemaHospitalar.Application.Service\SistemaHospitalar.Application.Service.csproj", "{DF821AA5-2C58-43DA-91EB-12A85B56E244}"
EndProject
Global
	GlobalSection(SolutionConfigurationPlatforms) = preSolution
		Debug|Any CPU = Debug|Any CPU
		Release|Any CPU = Release|Any CPU
	EndGlobalSection
	GlobalSection(ProjectConfigurationPlatforms) = postSolution
		{06943B42-DE9F-4B9B-B74F-6FA3AC83F2A2}.Debug|Any CPU.ActiveCfg = Debug|Any CPU
		{06943B42-DE9F-4B9B-B74F-6FA3AC83F2A2}.Debug|Any CPU.Build.0 = Debug|Any CPU
		{06943B42-DE9F-4B9B-B74F-6FA3AC83F2A2}.Release|Any CPU.ActiveCfg = Release|Any CPU
		{06943B42-DE9F-4B9B-B74F-6FA3AC83F2A2}.Release|Any CPU.Build.0 = Release|Any CPU
		{8C14C6C7-ABEB-4509-B4CD-7DD839BE5BF7}.Debug|Any CPU.ActiveCfg = Debug|Any CPU
		{8C14C6C7-ABEB-4509-B4CD-7DD839BE5BF7}.Debug|Any CPU.Build.0 = Debug|Any CPU
		{8C14C6C7-ABEB-4509-B4CD-7DD839BE5BF7}.Release|Any CPU.ActiveCfg = Release|Any CPU
		{8C14C6C7-ABEB-4509-B4CD-7DD839BE5BF7}.Release|Any CPU.Build.0 = Release|Any CPU
		{DF821AA5-2C58-43DA-91EB-12A85B56E244}.Debug|Any CPU.ActiveCfg = Debug|Any CPU
		{DF821AA5-2C58-43DA-91EB-12A85B56E244}.Debug|Any CPU.Build.0 = Debug|Any CPU
		{DF821AA5-2C58-43DA-91EB-12A85B56E244}.Release|Any CPU.ActiveCfg = Release|Any CPU
		{DF821AA5-2C58-43DA-91EB-12A85B56E244}.Release|Any CPU.Build.0 = Release|Any CPU
	EndGlobalSection
	GlobalSection(SolutionProperties) = preSolution
		HideSolutionNode = FALSE
	EndGlobalSection
	GlobalSection(ExtensibilityGlobals) = postSolution
		SolutionGuid = {433F4049-4AE9-4EB5-ADA4-A725AB2A4203}
	EndGlobalSection
EndGlobal
